{
  "name": "battleShip-1",
  "version": "1.0.0",
  "lockfileVersion": 1,
  "requires": true,
  "dependencies": {
    "input": {
      "version": "git+https://github.com/andreabeggiato-his/nodejs-input.git#8ce9a5df95f43de0536391bf951134b42a1fc334",
      "from": "git+https://github.com/andreabeggiato-his/nodejs-input.git"
    }
  }
}
